
Microsoft Visual Studio Solution File, Format Version 12.00
Project("{FAE04EC0-301F-11D3-BF4B-00C04F79EFBC}") = "Service", "Service\Service.csproj", "{E3E1B53D-E434-497D-A33F-439697D6A1FA}"
EndProject
Project("{2150E333-8FDC-42A3-9474-1A3956D46DE8}") = "Resources", "Resources", "{F3C36DEF-9724-46C6-85BC-D638842D15C1}"
	ProjectSection(SolutionItems) = preProject
		.gitignore = .gitignore
	EndProjectSection
EndProject
Project("{2150E333-8FDC-42A3-9474-1A3956D46DE8}") = ".github", ".github", "{E75A36D7-0827-4464-AC23-C20E1DA63178}"
EndProject
Project("{2150E333-8FDC-42A3-9474-1A3956D46DE8}") = "workflows", "workflows", "{22CA8E48-D7C1-423D-8B8B-2FA97533D3D8}"
	ProjectSection(SolutionItems) = preProject
		.github\workflow\cicd.yml = .github\workflows\cicd.yml
	EndProjectSection
EndProject
Project("{FAE04EC0-301F-11D3-BF4B-00C04F79EFBC}") = "DataLayer", "DataLayer\DataLayer.csproj", "{0CCB514B-D577-49B4-B1C3-B2A6E31E62A4}"
EndProject
Project("{FAE04EC0-301F-11D3-BF4B-00C04F79EFBC}") = "DomainData", "DomainData\DomainData.csproj", "{E4CED8BF-F9DE-473A-B1E4-FDA278591654}"
EndProject
Project("{FAE04EC0-301F-11D3-BF4B-00C04F79EFBC}") = "Pika", "Pika\Pika.csproj", "{D051FD9B-5699-4353-8530-198AC48F1ECA}"
EndProject
Project("{FAE04EC0-301F-11D3-BF4B-00C04F79EFBC}") = "PikaLang", "PikaLang\PikaLang.csproj", "{204543D6-5723-44D1-BEF9-58CCAE470FCA}"
EndProject
Global
	GlobalSection(SolutionConfigurationPlatforms) = preSolution
		Debug|Any CPU = Debug|Any CPU
		Release|Any CPU = Release|Any CPU
	EndGlobalSection
	GlobalSection(ProjectConfigurationPlatforms) = postSolution
		{E3E1B53D-E434-497D-A33F-439697D6A1FA}.Debug|Any CPU.ActiveCfg = Debug|Any CPU
		{E3E1B53D-E434-497D-A33F-439697D6A1FA}.Debug|Any CPU.Build.0 = Debug|Any CPU
		{E3E1B53D-E434-497D-A33F-439697D6A1FA}.Release|Any CPU.ActiveCfg = Release|Any CPU
		{E3E1B53D-E434-497D-A33F-439697D6A1FA}.Release|Any CPU.Build.0 = Release|Any CPU
		{0CCB514B-D577-49B4-B1C3-B2A6E31E62A4}.Debug|Any CPU.ActiveCfg = Debug|Any CPU
		{0CCB514B-D577-49B4-B1C3-B2A6E31E62A4}.Debug|Any CPU.Build.0 = Debug|Any CPU
		{0CCB514B-D577-49B4-B1C3-B2A6E31E62A4}.Release|Any CPU.ActiveCfg = Release|Any CPU
		{0CCB514B-D577-49B4-B1C3-B2A6E31E62A4}.Release|Any CPU.Build.0 = Release|Any CPU
		{E4CED8BF-F9DE-473A-B1E4-FDA278591654}.Debug|Any CPU.ActiveCfg = Debug|Any CPU
		{E4CED8BF-F9DE-473A-B1E4-FDA278591654}.Debug|Any CPU.Build.0 = Debug|Any CPU
		{E4CED8BF-F9DE-473A-B1E4-FDA278591654}.Release|Any CPU.ActiveCfg = Release|Any CPU
		{E4CED8BF-F9DE-473A-B1E4-FDA278591654}.Release|Any CPU.Build.0 = Release|Any CPU
		{D051FD9B-5699-4353-8530-198AC48F1ECA}.Debug|Any CPU.ActiveCfg = Debug|Any CPU
		{D051FD9B-5699-4353-8530-198AC48F1ECA}.Debug|Any CPU.Build.0 = Debug|Any CPU
		{D051FD9B-5699-4353-8530-198AC48F1ECA}.Release|Any CPU.ActiveCfg = Release|Any CPU
		{D051FD9B-5699-4353-8530-198AC48F1ECA}.Release|Any CPU.Build.0 = Release|Any CPU
		{204543D6-5723-44D1-BEF9-58CCAE470FCA}.Debug|Any CPU.ActiveCfg = Debug|Any CPU
		{204543D6-5723-44D1-BEF9-58CCAE470FCA}.Debug|Any CPU.Build.0 = Debug|Any CPU
		{204543D6-5723-44D1-BEF9-58CCAE470FCA}.Release|Any CPU.ActiveCfg = Release|Any CPU
		{204543D6-5723-44D1-BEF9-58CCAE470FCA}.Release|Any CPU.Build.0 = Release|Any CPU
	EndGlobalSection
	GlobalSection(NestedProjects) = preSolution
		{E75A36D7-0827-4464-AC23-C20E1DA63178} = {F3C36DEF-9724-46C6-85BC-D638842D15C1}
		{22CA8E48-D7C1-423D-8B8B-2FA97533D3D8} = {E75A36D7-0827-4464-AC23-C20E1DA63178}
	EndGlobalSection
EndGlobal
